
Microsoft Visual Studio Solution File, Format Version 12.00
# Visual Studio Version 16
VisualStudioVersion = 16.0.31205.134
MinimumVisualStudioVersion = 10.0.40219.1
Project("{FAE04EC0-301F-11D3-BF4B-00C04F79EFBC}") = "LMSApp.UWP", "LMSApp\LMSApp.UWP\LMSApp.UWP.csproj", "{20C30801-8CF7-407C-9141-A2442B16184B}"
EndProject
Project("{FAE04EC0-301F-11D3-BF4B-00C04F79EFBC}") = "LMSApp.Android", "LMSApp\LMSApp.Android\LMSApp.Android.csproj", "{5ADB07FA-B16B-456D-A38B-00BEC68FCED4}"
EndProject
Project("{FAE04EC0-301F-11D3-BF4B-00C04F79EFBC}") = "LMSApp.iOS", "LMSApp\LMSApp.iOS\LMSApp.iOS.csproj", "{4EC571B7-CF63-4614-A2D7-6D11F3A8EA47}"
EndProject
Project("{9A19103F-16F7-4668-BE54-9A1E7A4F7556}") = "LMSApp", "LMSApp\LMSApp\LMSApp.csproj", "{1F7809D2-FF05-4276-BA53-D86558A5E160}"
EndProject
Project("{FAE04EC0-301F-11D3-BF4B-00C04F79EFBC}") = "LMSApp.Backend", "LMSApp.Backend\LMSApp.Backend.csproj", "{9EC66D03-436C-4375-A2E9-A3C29681225B}"
EndProject
Project("{FAE04EC0-301F-11D3-BF4B-00C04F79EFBC}") = "LMSApp.API", "LMSApp.API\LMSApp.API.csproj", "{FA570803-D5E2-4A6D-B7E4-DC37A3879923}"
EndProject
Project("{FAE04EC0-301F-11D3-BF4B-00C04F79EFBC}") = "LMSApp.Domain", "LMSApp.Domain\LMSApp.Domain.csproj", "{37FCAEDD-3F8E-4234-AAC6-60E6BFEA7E94}"
EndProject
Project("{FAE04EC0-301F-11D3-BF4B-00C04F79EFBC}") = "LMSApp.Common", "LMSApp.Common\LMSApp.Common.csproj", "{2308E547-988B-4840-BC13-38ED1F6501FE}"
EndProject
Project("{FAE04EC0-301F-11D3-BF4B-00C04F79EFBC}") = "ATENEUS.BUSINESS", "ATENEUS.BUSINESS\ATENEUS.BUSINESS.csproj", "{83105B95-459F-48B7-8DA4-AE3C2F64CDBE}"
EndProject
Project("{FAE04EC0-301F-11D3-BF4B-00C04F79EFBC}") = "ATENEUS.CLASES", "ATENEUS.CLASES\ATENEUS.CLASES.csproj", "{263574B1-8E7B-42F7-AFAF-1FE1139B2356}"
EndProject
Project("{FAE04EC0-301F-11D3-BF4B-00C04F79EFBC}") = "ATENEUS.COMMON", "ATENEUS.COMMON\ATENEUS.COMMON.csproj", "{575D03F5-CE09-4581-9BDA-6AE14CA00392}"
EndProject
Project("{FAE04EC0-301F-11D3-BF4B-00C04F79EFBC}") = "ATENEUS.DATAACCESS", "ATENEUS.DATAACCESS\ATENEUS.DATAACCESS.csproj", "{13820F52-3634-4348-8125-26A988D506D9}"
EndProject
Global
	GlobalSection(SolutionConfigurationPlatforms) = preSolution
		Debug|Any CPU = Debug|Any CPU
		Debug|ARM = Debug|ARM
		Debug|iPhone = Debug|iPhone
		Debug|iPhoneSimulator = Debug|iPhoneSimulator
		Debug|x64 = Debug|x64
		Debug|x86 = Debug|x86
		Release|Any CPU = Release|Any CPU
		Release|ARM = Release|ARM
		Release|iPhone = Release|iPhone
		Release|iPhoneSimulator = Release|iPhoneSimulator
		Release|x64 = Release|x64
		Release|x86 = Release|x86
	EndGlobalSection
	GlobalSection(ProjectConfigurationPlatforms) = postSolution
		{20C30801-8CF7-407C-9141-A2442B16184B}.Debug|Any CPU.ActiveCfg = Debug|x86
		{20C30801-8CF7-407C-9141-A2442B16184B}.Debug|Any CPU.Build.0 = Debug|x86
		{20C30801-8CF7-407C-9141-A2442B16184B}.Debug|Any CPU.Deploy.0 = Debug|x86
		{20C30801-8CF7-407C-9141-A2442B16184B}.Debug|ARM.ActiveCfg = Debug|ARM
		{20C30801-8CF7-407C-9141-A2442B16184B}.Debug|ARM.Build.0 = Debug|ARM
		{20C30801-8CF7-407C-9141-A2442B16184B}.Debug|ARM.Deploy.0 = Debug|ARM
		{20C30801-8CF7-407C-9141-A2442B16184B}.Debug|iPhone.ActiveCfg = Debug|x86
		{20C30801-8CF7-407C-9141-A2442B16184B}.Debug|iPhone.Build.0 = Debug|x86
		{20C30801-8CF7-407C-9141-A2442B16184B}.Debug|iPhone.Deploy.0 = Debug|x86
		{20C30801-8CF7-407C-9141-A2442B16184B}.Debug|iPhoneSimulator.ActiveCfg = Debug|x86
		{20C30801-8CF7-407C-9141-A2442B16184B}.Debug|iPhoneSimulator.Build.0 = Debug|x86
		{20C30801-8CF7-407C-9141-A2442B16184B}.Debug|iPhoneSimulator.Deploy.0 = Debug|x86
		{20C30801-8CF7-407C-9141-A2442B16184B}.Debug|x64.ActiveCfg = Debug|x64
		{20C30801-8CF7-407C-9141-A2442B16184B}.Debug|x64.Build.0 = Debug|x64
		{20C30801-8CF7-407C-9141-A2442B16184B}.Debug|x64.Deploy.0 = Debug|x64
		{20C30801-8CF7-407C-9141-A2442B16184B}.Debug|x86.ActiveCfg = Debug|x86
		{20C30801-8CF7-407C-9141-A2442B16184B}.Debug|x86.Build.0 = Debug|x86
		{20C30801-8CF7-407C-9141-A2442B16184B}.Debug|x86.Deploy.0 = Debug|x86
		{20C30801-8CF7-407C-9141-A2442B16184B}.Release|Any CPU.ActiveCfg = Release|x86
		{20C30801-8CF7-407C-9141-A2442B16184B}.Release|Any CPU.Build.0 = Release|x86
		{20C30801-8CF7-407C-9141-A2442B16184B}.Release|Any CPU.Deploy.0 = Release|x86
		{20C30801-8CF7-407C-9141-A2442B16184B}.Release|ARM.ActiveCfg = Release|ARM
		{20C30801-8CF7-407C-9141-A2442B16184B}.Release|ARM.Build.0 = Release|ARM
		{20C30801-8CF7-407C-9141-A2442B16184B}.Release|ARM.Deploy.0 = Release|ARM
		{20C30801-8CF7-407C-9141-A2442B16184B}.Release|iPhone.ActiveCfg = Release|x86
		{20C30801-8CF7-407C-9141-A2442B16184B}.Release|iPhone.Build.0 = Release|x86
		{20C30801-8CF7-407C-9141-A2442B16184B}.Release|iPhone.Deploy.0 = Release|x86
		{20C30801-8CF7-407C-9141-A2442B16184B}.Release|iPhoneSimulator.ActiveCfg = Release|x86
		{20C30801-8CF7-407C-9141-A2442B16184B}.Release|iPhoneSimulator.Build.0 = Release|x86
		{20C30801-8CF7-407C-9141-A2442B16184B}.Release|iPhoneSimulator.Deploy.0 = Release|x86
		{20C30801-8CF7-407C-9141-A2442B16184B}.Release|x64.ActiveCfg = Release|x64
		{20C30801-8CF7-407C-9141-A2442B16184B}.Release|x64.Build.0 = Release|x64
		{20C30801-8CF7-407C-9141-A2442B16184B}.Release|x64.Deploy.0 = Release|x64
		{20C30801-8CF7-407C-9141-A2442B16184B}.Release|x86.ActiveCfg = Release|x86
		{20C30801-8CF7-407C-9141-A2442B16184B}.Release|x86.Build.0 = Release|x86
		{20C30801-8CF7-407C-9141-A2442B16184B}.Release|x86.Deploy.0 = Release|x86
		{5ADB07FA-B16B-456D-A38B-00BEC68FCED4}.Debug|Any CPU.ActiveCfg = Debug|Any CPU
		{5ADB07FA-B16B-456D-A38B-00BEC68FCED4}.Debug|Any CPU.Build.0 = Debug|Any CPU
		{5ADB07FA-B16B-456D-A38B-00BEC68FCED4}.Debug|Any CPU.Deploy.0 = Debug|Any CPU
		{5ADB07FA-B16B-456D-A38B-00BEC68FCED4}.Debug|ARM.ActiveCfg = Debug|Any CPU
		{5ADB07FA-B16B-456D-A38B-00BEC68FCED4}.Debug|ARM.Build.0 = Debug|Any CPU
		{5ADB07FA-B16B-456D-A38B-00BEC68FCED4}.Debug|ARM.Deploy.0 = Debug|Any CPU
		{5ADB07FA-B16B-456D-A38B-00BEC68FCED4}.Debug|iPhone.ActiveCfg = Debug|Any CPU
		{5ADB07FA-B16B-456D-A38B-00BEC68FCED4}.Debug|iPhone.Build.0 = Debug|Any CPU
		{5ADB07FA-B16B-456D-A38B-00BEC68FCED4}.Debug|iPhone.Deploy.0 = Debug|Any CPU
		{5ADB07FA-B16B-456D-A38B-00BEC68FCED4}.Debug|iPhoneSimulator.ActiveCfg = Debug|Any CPU
		{5ADB07FA-B16B-456D-A38B-00BEC68FCED4}.Debug|iPhoneSimulator.Build.0 = Debug|Any CPU
		{5ADB07FA-B16B-456D-A38B-00BEC68FCED4}.Debug|iPhoneSimulator.Deploy.0 = Debug|Any CPU
		{5ADB07FA-B16B-456D-A38B-00BEC68FCED4}.Debug|x64.ActiveCfg = Debug|Any CPU
		{5ADB07FA-B16B-456D-A38B-00BEC68FCED4}.Debug|x64.Build.0 = Debug|Any CPU
		{5ADB07FA-B16B-456D-A38B-00BEC68FCED4}.Debug|x64.Deploy.0 = Debug|Any CPU
		{5ADB07FA-B16B-456D-A38B-00BEC68FCED4}.Debug|x86.ActiveCfg = Debug|Any CPU
		{5ADB07FA-B16B-456D-A38B-00BEC68FCED4}.Debug|x86.Build.0 = Debug|Any CPU
		{5ADB07FA-B16B-456D-A38B-00BEC68FCED4}.Debug|x86.Deploy.0 = Debug|Any CPU
		{5ADB07FA-B16B-456D-A38B-00BEC68FCED4}.Release|Any CPU.ActiveCfg = Release|Any CPU
		{5ADB07FA-B16B-456D-A38B-00BEC68FCED4}.Release|Any CPU.Build.0 = Release|Any CPU
		{5ADB07FA-B16B-456D-A38B-00BEC68FCED4}.Release|Any CPU.Deploy.0 = Release|Any CPU
		{5ADB07FA-B16B-456D-A38B-00BEC68FCED4}.Release|ARM.ActiveCfg = Release|Any CPU
		{5ADB07FA-B16B-456D-A38B-00BEC68FCED4}.Release|ARM.Build.0 = Release|Any CPU
		{5ADB07FA-B16B-456D-A38B-00BEC68FCED4}.Release|ARM.Deploy.0 = Release|Any CPU
		{5ADB07FA-B16B-456D-A38B-00BEC68FCED4}.Release|iPhone.ActiveCfg = Release|Any CPU
		{5ADB07FA-B16B-456D-A38B-00BEC68FCED4}.Release|iPhone.Build.0 = Release|Any CPU
		{5ADB07FA-B16B-456D-A38B-00BEC68FCED4}.Release|iPhone.Deploy.0 = Release|Any CPU
		{5ADB07FA-B16B-456D-A38B-00BEC68FCED4}.Release|iPhoneSimulator.ActiveCfg = Release|Any CPU
		{5ADB07FA-B16B-456D-A38B-00BEC68FCED4}.Release|iPhoneSimulator.Build.0 = Release|Any CPU
		{5ADB07FA-B16B-456D-A38B-00BEC68FCED4}.Release|iPhoneSimulator.Deploy.0 = Release|Any CPU
		{5ADB07FA-B16B-456D-A38B-00BEC68FCED4}.Release|x64.ActiveCfg = Release|Any CPU
		{5ADB07FA-B16B-456D-A38B-00BEC68FCED4}.Release|x64.Build.0 = Release|Any CPU
		{5ADB07FA-B16B-456D-A38B-00BEC68FCED4}.Release|x64.Deploy.0 = Release|Any CPU
		{5ADB07FA-B16B-456D-A38B-00BEC68FCED4}.Release|x86.ActiveCfg = Release|Any CPU
		{5ADB07FA-B16B-456D-A38B-00BEC68FCED4}.Release|x86.Build.0 = Release|Any CPU
		{5ADB07FA-B16B-456D-A38B-00BEC68FCED4}.Release|x86.Deploy.0 = Release|Any CPU
		{4EC571B7-CF63-4614-A2D7-6D11F3A8EA47}.Debug|Any CPU.ActiveCfg = Debug|iPhoneSimulator
		{4EC571B7-CF63-4614-A2D7-6D11F3A8EA47}.Debug|Any CPU.Build.0 = Debug|iPhoneSimulator
		{4EC571B7-CF63-4614-A2D7-6D11F3A8EA47}.Debug|Any CPU.Deploy.0 = Debug|iPhoneSimulator
		{4EC571B7-CF63-4614-A2D7-6D11F3A8EA47}.Debug|ARM.ActiveCfg = Debug|iPhone
		{4EC571B7-CF63-4614-A2D7-6D11F3A8EA47}.Debug|ARM.Build.0 = Debug|iPhone
		{4EC571B7-CF63-4614-A2D7-6D11F3A8EA47}.Debug|ARM.Deploy.0 = Debug|iPhone
		{4EC571B7-CF63-4614-A2D7-6D11F3A8EA47}.Debug|iPhone.ActiveCfg = Debug|iPhone
		{4EC571B7-CF63-4614-A2D7-6D11F3A8EA47}.Debug|iPhone.Build.0 = Debug|iPhone
		{4EC571B7-CF63-4614-A2D7-6D11F3A8EA47}.Debug|iPhone.Deploy.0 = Debug|iPhone
		{4EC571B7-CF63-4614-A2D7-6D11F3A8EA47}.Debug|iPhoneSimulator.ActiveCfg = Debug|iPhoneSimulator
		{4EC571B7-CF63-4614-A2D7-6D11F3A8EA47}.Debug|iPhoneSimulator.Build.0 = Debug|iPhoneSimulator
		{4EC571B7-CF63-4614-A2D7-6D11F3A8EA47}.Debug|iPhoneSimulator.Deploy.0 = Debug|iPhoneSimulator
		{4EC571B7-CF63-4614-A2D7-6D11F3A8EA47}.Debug|x64.ActiveCfg = Debug|iPhoneSimulator
		{4EC571B7-CF63-4614-A2D7-6D11F3A8EA47}.Debug|x64.Build.0 = Debug|iPhoneSimulator
		{4EC571B7-CF63-4614-A2D7-6D11F3A8EA47}.Debug|x64.Deploy.0 = Debug|iPhoneSimulator
		{4EC571B7-CF63-4614-A2D7-6D11F3A8EA47}.Debug|x86.ActiveCfg = Debug|iPhoneSimulator
		{4EC571B7-CF63-4614-A2D7-6D11F3A8EA47}.Debug|x86.Build.0 = Debug|iPhoneSimulator
		{4EC571B7-CF63-4614-A2D7-6D11F3A8EA47}.Debug|x86.Deploy.0 = Debug|iPhoneSimulator
		{4EC571B7-CF63-4614-A2D7-6D11F3A8EA47}.Release|Any CPU.ActiveCfg = Release|iPhoneSimulator
		{4EC571B7-CF63-4614-A2D7-6D11F3A8EA47}.Release|Any CPU.Build.0 = Release|iPhoneSimulator
		{4EC571B7-CF63-4614-A2D7-6D11F3A8EA47}.Release|Any CPU.Deploy.0 = Release|iPhoneSimulator
		{4EC571B7-CF63-4614-A2D7-6D11F3A8EA47}.Release|ARM.ActiveCfg = Release|iPhoneSimulator
		{4EC571B7-CF63-4614-A2D7-6D11F3A8EA47}.Release|ARM.Build.0 = Release|iPhoneSimulator
		{4EC571B7-CF63-4614-A2D7-6D11F3A8EA47}.Release|ARM.Deploy.0 = Release|iPhoneSimulator
		{4EC571B7-CF63-4614-A2D7-6D11F3A8EA47}.Release|iPhone.ActiveCfg = Release|iPhone
		{4EC571B7-CF63-4614-A2D7-6D11F3A8EA47}.Release|iPhone.Build.0 = Release|iPhone
		{4EC571B7-CF63-4614-A2D7-6D11F3A8EA47}.Release|iPhone.Deploy.0 = Release|iPhone
		{4EC571B7-CF63-4614-A2D7-6D11F3A8EA47}.Release|iPhoneSimulator.ActiveCfg = Release|iPhoneSimulator
		{4EC571B7-CF63-4614-A2D7-6D11F3A8EA47}.Release|iPhoneSimulator.Build.0 = Release|iPhoneSimulator
		{4EC571B7-CF63-4614-A2D7-6D11F3A8EA47}.Release|iPhoneSimulator.Deploy.0 = Release|iPhoneSimulator
		{4EC571B7-CF63-4614-A2D7-6D11F3A8EA47}.Release|x64.ActiveCfg = Release|iPhoneSimulator
		{4EC571B7-CF63-4614-A2D7-6D11F3A8EA47}.Release|x64.Build.0 = Release|iPhoneSimulator
		{4EC571B7-CF63-4614-A2D7-6D11F3A8EA47}.Release|x64.Deploy.0 = Release|iPhoneSimulator
		{4EC571B7-CF63-4614-A2D7-6D11F3A8EA47}.Release|x86.ActiveCfg = Release|iPhoneSimulator
		{4EC571B7-CF63-4614-A2D7-6D11F3A8EA47}.Release|x86.Build.0 = Release|iPhoneSimulator
		{4EC571B7-CF63-4614-A2D7-6D11F3A8EA47}.Release|x86.Deploy.0 = Release|iPhoneSimulator
		{1F7809D2-FF05-4276-BA53-D86558A5E160}.Debug|Any CPU.ActiveCfg = Debug|Any CPU
		{1F7809D2-FF05-4276-BA53-D86558A5E160}.Debug|Any CPU.Build.0 = Debug|Any CPU
		{1F7809D2-FF05-4276-BA53-D86558A5E160}.Debug|Any CPU.Deploy.0 = Debug|Any CPU
		{1F7809D2-FF05-4276-BA53-D86558A5E160}.Debug|ARM.ActiveCfg = Debug|Any CPU
		{1F7809D2-FF05-4276-BA53-D86558A5E160}.Debug|ARM.Build.0 = Debug|Any CPU
		{1F7809D2-FF05-4276-BA53-D86558A5E160}.Debug|ARM.Deploy.0 = Debug|Any CPU
		{1F7809D2-FF05-4276-BA53-D86558A5E160}.Debug|iPhone.ActiveCfg = Debug|Any CPU
		{1F7809D2-FF05-4276-BA53-D86558A5E160}.Debug|iPhone.Build.0 = Debug|Any CPU
		{1F7809D2-FF05-4276-BA53-D86558A5E160}.Debug|iPhone.Deploy.0 = Debug|Any CPU
		{1F7809D2-FF05-4276-BA53-D86558A5E160}.Debug|iPhoneSimulator.ActiveCfg = Debug|Any CPU
		{1F7809D2-FF05-4276-BA53-D86558A5E160}.Debug|iPhoneSimulator.Build.0 = Debug|Any CPU
		{1F7809D2-FF05-4276-BA53-D86558A5E160}.Debug|iPhoneSimulator.Deploy.0 = Debug|Any CPU
		{1F7809D2-FF05-4276-BA53-D86558A5E160}.Debug|x64.ActiveCfg = Debug|Any CPU
		{1F7809D2-FF05-4276-BA53-D86558A5E160}.Debug|x64.Build.0 = Debug|Any CPU
		{1F7809D2-FF05-4276-BA53-D86558A5E160}.Debug|x64.Deploy.0 = Debug|Any CPU
		{1F7809D2-FF05-4276-BA53-D86558A5E160}.Debug|x86.ActiveCfg = Debug|Any CPU
		{1F7809D2-FF05-4276-BA53-D86558A5E160}.Debug|x86.Build.0 = Debug|Any CPU
		{1F7809D2-FF05-4276-BA53-D86558A5E160}.Debug|x86.Deploy.0 = Debug|Any CPU
		{1F7809D2-FF05-4276-BA53-D86558A5E160}.Release|Any CPU.ActiveCfg = Release|Any CPU
		{1F7809D2-FF05-4276-BA53-D86558A5E160}.Release|Any CPU.Build.0 = Release|Any CPU
		{1F7809D2-FF05-4276-BA53-D86558A5E160}.Release|Any CPU.Deploy.0 = Release|Any CPU
		{1F7809D2-FF05-4276-BA53-D86558A5E160}.Release|ARM.ActiveCfg = Release|Any CPU
		{1F7809D2-FF05-4276-BA53-D86558A5E160}.Release|ARM.Build.0 = Release|Any CPU
		{1F7809D2-FF05-4276-BA53-D86558A5E160}.Release|ARM.Deploy.0 = Release|Any CPU
		{1F7809D2-FF05-4276-BA53-D86558A5E160}.Release|iPhone.ActiveCfg = Release|Any CPU
		{1F7809D2-FF05-4276-BA53-D86558A5E160}.Release|iPhone.Build.0 = Release|Any CPU
		{1F7809D2-FF05-4276-BA53-D86558A5E160}.Release|iPhone.Deploy.0 = Release|Any CPU
		{1F7809D2-FF05-4276-BA53-D86558A5E160}.Release|iPhoneSimulator.ActiveCfg = Release|Any CPU
		{1F7809D2-FF05-4276-BA53-D86558A5E160}.Release|iPhoneSimulator.Build.0 = Release|Any CPU
		{1F7809D2-FF05-4276-BA53-D86558A5E160}.Release|iPhoneSimulator.Deploy.0 = Release|Any CPU
		{1F7809D2-FF05-4276-BA53-D86558A5E160}.Release|x64.ActiveCfg = Release|Any CPU
		{1F7809D2-FF05-4276-BA53-D86558A5E160}.Release|x64.Build.0 = Release|Any CPU
		{1F7809D2-FF05-4276-BA53-D86558A5E160}.Release|x64.Deploy.0 = Release|Any CPU
		{1F7809D2-FF05-4276-BA53-D86558A5E160}.Release|x86.ActiveCfg = Release|Any CPU
		{1F7809D2-FF05-4276-BA53-D86558A5E160}.Release|x86.Build.0 = Release|Any CPU
		{1F7809D2-FF05-4276-BA53-D86558A5E160}.Release|x86.Deploy.0 = Release|Any CPU
		{9EC66D03-436C-4375-A2E9-A3C29681225B}.Debug|Any CPU.ActiveCfg = Debug|Any CPU
		{9EC66D03-436C-4375-A2E9-A3C29681225B}.Debug|Any CPU.Build.0 = Debug|Any CPU
		{9EC66D03-436C-4375-A2E9-A3C29681225B}.Debug|ARM.ActiveCfg = Debug|Any CPU
		{9EC66D03-436C-4375-A2E9-A3C29681225B}.Debug|ARM.Build.0 = Debug|Any CPU
		{9EC66D03-436C-4375-A2E9-A3C29681225B}.Debug|iPhone.ActiveCfg = Debug|Any CPU
		{9EC66D03-436C-4375-A2E9-A3C29681225B}.Debug|iPhone.Build.0 = Debug|Any CPU
		{9EC66D03-436C-4375-A2E9-A3C29681225B}.Debug|iPhoneSimulator.ActiveCfg = Debug|Any CPU
		{9EC66D03-436C-4375-A2E9-A3C29681225B}.Debug|iPhoneSimulator.Build.0 = Debug|Any CPU
		{9EC66D03-436C-4375-A2E9-A3C29681225B}.Debug|x64.ActiveCfg = Debug|Any CPU
		{9EC66D03-436C-4375-A2E9-A3C29681225B}.Debug|x64.Build.0 = Debug|Any CPU
		{9EC66D03-436C-4375-A2E9-A3C29681225B}.Debug|x86.ActiveCfg = Debug|Any CPU
		{9EC66D03-436C-4375-A2E9-A3C29681225B}.Debug|x86.Build.0 = Debug|Any CPU
		{9EC66D03-436C-4375-A2E9-A3C29681225B}.Release|Any CPU.ActiveCfg = Release|Any CPU
		{9EC66D03-436C-4375-A2E9-A3C29681225B}.Release|Any CPU.Build.0 = Release|Any CPU
		{9EC66D03-436C-4375-A2E9-A3C29681225B}.Release|ARM.ActiveCfg = Release|Any CPU
		{9EC66D03-436C-4375-A2E9-A3C29681225B}.Release|ARM.Build.0 = Release|Any CPU
		{9EC66D03-436C-4375-A2E9-A3C29681225B}.Release|iPhone.ActiveCfg = Release|Any CPU
		{9EC66D03-436C-4375-A2E9-A3C29681225B}.Release|iPhone.Build.0 = Release|Any CPU
		{9EC66D03-436C-4375-A2E9-A3C29681225B}.Release|iPhoneSimulator.ActiveCfg = Release|Any CPU
		{9EC66D03-436C-4375-A2E9-A3C29681225B}.Release|iPhoneSimulator.Build.0 = Release|Any CPU
		{9EC66D03-436C-4375-A2E9-A3C29681225B}.Release|x64.ActiveCfg = Release|Any CPU
		{9EC66D03-436C-4375-A2E9-A3C29681225B}.Release|x64.Build.0 = Release|Any CPU
		{9EC66D03-436C-4375-A2E9-A3C29681225B}.Release|x86.ActiveCfg = Release|Any CPU
		{9EC66D03-436C-4375-A2E9-A3C29681225B}.Release|x86.Build.0 = Release|Any CPU
		{FA570803-D5E2-4A6D-B7E4-DC37A3879923}.Debug|Any CPU.ActiveCfg = Debug|Any CPU
		{FA570803-D5E2-4A6D-B7E4-DC37A3879923}.Debug|Any CPU.Build.0 = Debug|Any CPU
		{FA570803-D5E2-4A6D-B7E4-DC37A3879923}.Debug|ARM.ActiveCfg = Debug|Any CPU
		{FA570803-D5E2-4A6D-B7E4-DC37A3879923}.Debug|ARM.Build.0 = Debug|Any CPU
		{FA570803-D5E2-4A6D-B7E4-DC37A3879923}.Debug|iPhone.ActiveCfg = Debug|Any CPU
		{FA570803-D5E2-4A6D-B7E4-DC37A3879923}.Debug|iPhone.Build.0 = Debug|Any CPU
		{FA570803-D5E2-4A6D-B7E4-DC37A3879923}.Debug|iPhoneSimulator.ActiveCfg = Debug|Any CPU
		{FA570803-D5E2-4A6D-B7E4-DC37A3879923}.Debug|iPhoneSimulator.Build.0 = Debug|Any CPU
		{FA570803-D5E2-4A6D-B7E4-DC37A3879923}.Debug|x64.ActiveCfg = Debug|Any CPU
		{FA570803-D5E2-4A6D-B7E4-DC37A3879923}.Debug|x64.Build.0 = Debug|Any CPU
		{FA570803-D5E2-4A6D-B7E4-DC37A3879923}.Debug|x86.ActiveCfg = Debug|Any CPU
		{FA570803-D5E2-4A6D-B7E4-DC37A3879923}.Debug|x86.Build.0 = Debug|Any CPU
		{FA570803-D5E2-4A6D-B7E4-DC37A3879923}.Release|Any CPU.ActiveCfg = Release|Any CPU
		{FA570803-D5E2-4A6D-B7E4-DC37A3879923}.Release|Any CPU.Build.0 = Release|Any CPU
		{FA570803-D5E2-4A6D-B7E4-DC37A3879923}.Release|ARM.ActiveCfg = Release|Any CPU
		{FA570803-D5E2-4A6D-B7E4-DC37A3879923}.Release|ARM.Build.0 = Release|Any CPU
		{FA570803-D5E2-4A6D-B7E4-DC37A3879923}.Release|iPhone.ActiveCfg = Release|Any CPU
		{FA570803-D5E2-4A6D-B7E4-DC37A3879923}.Release|iPhone.Build.0 = Release|Any CPU
		{FA570803-D5E2-4A6D-B7E4-DC37A3879923}.Release|iPhoneSimulator.ActiveCfg = Release|Any CPU
		{FA570803-D5E2-4A6D-B7E4-DC37A3879923}.Release|iPhoneSimulator.Build.0 = Release|Any CPU
		{FA570803-D5E2-4A6D-B7E4-DC37A3879923}.Release|x64.ActiveCfg = Release|Any CPU
		{FA570803-D5E2-4A6D-B7E4-DC37A3879923}.Release|x64.Build.0 = Release|Any CPU
		{FA570803-D5E2-4A6D-B7E4-DC37A3879923}.Release|x86.ActiveCfg = Release|Any CPU
		{FA570803-D5E2-4A6D-B7E4-DC37A3879923}.Release|x86.Build.0 = Release|Any CPU
		{37FCAEDD-3F8E-4234-AAC6-60E6BFEA7E94}.Debug|Any CPU.ActiveCfg = Debug|Any CPU
		{37FCAEDD-3F8E-4234-AAC6-60E6BFEA7E94}.Debug|Any CPU.Build.0 = Debug|Any CPU
		{37FCAEDD-3F8E-4234-AAC6-60E6BFEA7E94}.Debug|ARM.ActiveCfg = Debug|Any CPU
		{37FCAEDD-3F8E-4234-AAC6-60E6BFEA7E94}.Debug|ARM.Build.0 = Debug|Any CPU
		{37FCAEDD-3F8E-4234-AAC6-60E6BFEA7E94}.Debug|iPhone.ActiveCfg = Debug|Any CPU
		{37FCAEDD-3F8E-4234-AAC6-60E6BFEA7E94}.Debug|iPhone.Build.0 = Debug|Any CPU
		{37FCAEDD-3F8E-4234-AAC6-60E6BFEA7E94}.Debug|iPhoneSimulator.ActiveCfg = Debug|Any CPU
		{37FCAEDD-3F8E-4234-AAC6-60E6BFEA7E94}.Debug|iPhoneSimulator.Build.0 = Debug|Any CPU
		{37FCAEDD-3F8E-4234-AAC6-60E6BFEA7E94}.Debug|x64.ActiveCfg = Debug|Any CPU
		{37FCAEDD-3F8E-4234-AAC6-60E6BFEA7E94}.Debug|x64.Build.0 = Debug|Any CPU
		{37FCAEDD-3F8E-4234-AAC6-60E6BFEA7E94}.Debug|x86.ActiveCfg = Debug|Any CPU
		{37FCAEDD-3F8E-4234-AAC6-60E6BFEA7E94}.Debug|x86.Build.0 = Debug|Any CPU
		{37FCAEDD-3F8E-4234-AAC6-60E6BFEA7E94}.Release|Any CPU.ActiveCfg = Release|Any CPU
		{37FCAEDD-3F8E-4234-AAC6-60E6BFEA7E94}.Release|Any CPU.Build.0 = Release|Any CPU
		{37FCAEDD-3F8E-4234-AAC6-60E6BFEA7E94}.Release|ARM.ActiveCfg = Release|Any CPU
		{37FCAEDD-3F8E-4234-AAC6-60E6BFEA7E94}.Release|ARM.Build.0 = Release|Any CPU
		{37FCAEDD-3F8E-4234-AAC6-60E6BFEA7E94}.Release|iPhone.ActiveCfg = Release|Any CPU
		{37FCAEDD-3F8E-4234-AAC6-60E6BFEA7E94}.Release|iPhone.Build.0 = Release|Any CPU
		{37FCAEDD-3F8E-4234-AAC6-60E6BFEA7E94}.Release|iPhoneSimulator.ActiveCfg = Release|Any CPU
		{37FCAEDD-3F8E-4234-AAC6-60E6BFEA7E94}.Release|iPhoneSimulator.Build.0 = Release|Any CPU
		{37FCAEDD-3F8E-4234-AAC6-60E6BFEA7E94}.Release|x64.ActiveCfg = Release|Any CPU
		{37FCAEDD-3F8E-4234-AAC6-60E6BFEA7E94}.Release|x64.Build.0 = Release|Any CPU
		{37FCAEDD-3F8E-4234-AAC6-60E6BFEA7E94}.Release|x86.ActiveCfg = Release|Any CPU
		{37FCAEDD-3F8E-4234-AAC6-60E6BFEA7E94}.Release|x86.Build.0 = Release|Any CPU
		{2308E547-988B-4840-BC13-38ED1F6501FE}.Debug|Any CPU.ActiveCfg = Debug|Any CPU
		{2308E547-988B-4840-BC13-38ED1F6501FE}.Debug|Any CPU.Build.0 = Debug|Any CPU
		{2308E547-988B-4840-BC13-38ED1F6501FE}.Debug|ARM.ActiveCfg = Debug|Any CPU
		{2308E547-988B-4840-BC13-38ED1F6501FE}.Debug|ARM.Build.0 = Debug|Any CPU
		{2308E547-988B-4840-BC13-38ED1F6501FE}.Debug|iPhone.ActiveCfg = Debug|Any CPU
		{2308E547-988B-4840-BC13-38ED1F6501FE}.Debug|iPhone.Build.0 = Debug|Any CPU
		{2308E547-988B-4840-BC13-38ED1F6501FE}.Debug|iPhoneSimulator.ActiveCfg = Debug|Any CPU
		{2308E547-988B-4840-BC13-38ED1F6501FE}.Debug|iPhoneSimulator.Build.0 = Debug|Any CPU
		{2308E547-988B-4840-BC13-38ED1F6501FE}.Debug|x64.ActiveCfg = Debug|Any CPU
		{2308E547-988B-4840-BC13-38ED1F6501FE}.Debug|x64.Build.0 = Debug|Any CPU
		{2308E547-988B-4840-BC13-38ED1F6501FE}.Debug|x86.ActiveCfg = Debug|Any CPU
		{2308E547-988B-4840-BC13-38ED1F6501FE}.Debug|x86.Build.0 = Debug|Any CPU
		{2308E547-988B-4840-BC13-38ED1F6501FE}.Release|Any CPU.ActiveCfg = Release|Any CPU
		{2308E547-988B-4840-BC13-38ED1F6501FE}.Release|Any CPU.Build.0 = Release|Any CPU
		{2308E547-988B-4840-BC13-38ED1F6501FE}.Release|ARM.ActiveCfg = Release|Any CPU
		{2308E547-988B-4840-BC13-38ED1F6501FE}.Release|ARM.Build.0 = Release|Any CPU
		{2308E547-988B-4840-BC13-38ED1F6501FE}.Release|iPhone.ActiveCfg = Release|Any CPU
		{2308E547-988B-4840-BC13-38ED1F6501FE}.Release|iPhone.Build.0 = Release|Any CPU
		{2308E547-988B-4840-BC13-38ED1F6501FE}.Release|iPhoneSimulator.ActiveCfg = Release|Any CPU
		{2308E547-988B-4840-BC13-38ED1F6501FE}.Release|iPhoneSimulator.Build.0 = Release|Any CPU
		{2308E547-988B-4840-BC13-38ED1F6501FE}.Release|x64.ActiveCfg = Release|Any CPU
		{2308E547-988B-4840-BC13-38ED1F6501FE}.Release|x64.Build.0 = Release|Any CPU
		{2308E547-988B-4840-BC13-38ED1F6501FE}.Release|x86.ActiveCfg = Release|Any CPU
		{2308E547-988B-4840-BC13-38ED1F6501FE}.Release|x86.Build.0 = Release|Any CPU
		{83105B95-459F-48B7-8DA4-AE3C2F64CDBE}.Debug|Any CPU.ActiveCfg = Debug|Any CPU
		{83105B95-459F-48B7-8DA4-AE3C2F64CDBE}.Debug|Any CPU.Build.0 = Debug|Any CPU
		{83105B95-459F-48B7-8DA4-AE3C2F64CDBE}.Debug|ARM.ActiveCfg = Debug|Any CPU
		{83105B95-459F-48B7-8DA4-AE3C2F64CDBE}.Debug|ARM.Build.0 = Debug|Any CPU
		{83105B95-459F-48B7-8DA4-AE3C2F64CDBE}.Debug|iPhone.ActiveCfg = Debug|Any CPU
		{83105B95-459F-48B7-8DA4-AE3C2F64CDBE}.Debug|iPhone.Build.0 = Debug|Any CPU
		{83105B95-459F-48B7-8DA4-AE3C2F64CDBE}.Debug|iPhoneSimulator.ActiveCfg = Debug|Any CPU
		{83105B95-459F-48B7-8DA4-AE3C2F64CDBE}.Debug|iPhoneSimulator.Build.0 = Debug|Any CPU
		{83105B95-459F-48B7-8DA4-AE3C2F64CDBE}.Debug|x64.ActiveCfg = Debug|Any CPU
		{83105B95-459F-48B7-8DA4-AE3C2F64CDBE}.Debug|x64.Build.0 = Debug|Any CPU
		{83105B95-459F-48B7-8DA4-AE3C2F64CDBE}.Debug|x86.ActiveCfg = Debug|Any CPU
		{83105B95-459F-48B7-8DA4-AE3C2F64CDBE}.Debug|x86.Build.0 = Debug|Any CPU
		{83105B95-459F-48B7-8DA4-AE3C2F64CDBE}.Release|Any CPU.ActiveCfg = Release|Any CPU
		{83105B95-459F-48B7-8DA4-AE3C2F64CDBE}.Release|Any CPU.Build.0 = Release|Any CPU
		{83105B95-459F-48B7-8DA4-AE3C2F64CDBE}.Release|ARM.ActiveCfg = Release|Any CPU
		{83105B95-459F-48B7-8DA4-AE3C2F64CDBE}.Release|ARM.Build.0 = Release|Any CPU
		{83105B95-459F-48B7-8DA4-AE3C2F64CDBE}.Release|iPhone.ActiveCfg = Release|Any CPU
		{83105B95-459F-48B7-8DA4-AE3C2F64CDBE}.Release|iPhone.Build.0 = Release|Any CPU
		{83105B95-459F-48B7-8DA4-AE3C2F64CDBE}.Release|iPhoneSimulator.ActiveCfg = Release|Any CPU
		{83105B95-459F-48B7-8DA4-AE3C2F64CDBE}.Release|iPhoneSimulator.Build.0 = Release|Any CPU
		{83105B95-459F-48B7-8DA4-AE3C2F64CDBE}.Release|x64.ActiveCfg = Release|Any CPU
		{83105B95-459F-48B7-8DA4-AE3C2F64CDBE}.Release|x64.Build.0 = Release|Any CPU
		{83105B95-459F-48B7-8DA4-AE3C2F64CDBE}.Release|x86.ActiveCfg = Release|Any CPU
		{83105B95-459F-48B7-8DA4-AE3C2F64CDBE}.Release|x86.Build.0 = Release|Any CPU
		{263574B1-8E7B-42F7-AFAF-1FE1139B2356}.Debug|Any CPU.ActiveCfg = Debug|Any CPU
		{263574B1-8E7B-42F7-AFAF-1FE1139B2356}.Debug|Any CPU.Build.0 = Debug|Any CPU
		{263574B1-8E7B-42F7-AFAF-1FE1139B2356}.Debug|ARM.ActiveCfg = Debug|Any CPU
		{263574B1-8E7B-42F7-AFAF-1FE1139B2356}.Debug|ARM.Build.0 = Debug|Any CPU
		{263574B1-8E7B-42F7-AFAF-1FE1139B2356}.Debug|iPhone.ActiveCfg = Debug|Any CPU
		{263574B1-8E7B-42F7-AFAF-1FE1139B2356}.Debug|iPhone.Build.0 = Debug|Any CPU
		{263574B1-8E7B-42F7-AFAF-1FE1139B2356}.Debug|iPhoneSimulator.ActiveCfg = Debug|Any CPU
		{263574B1-8E7B-42F7-AFAF-1FE1139B2356}.Debug|iPhoneSimulator.Build.0 = Debug|Any CPU
		{263574B1-8E7B-42F7-AFAF-1FE1139B2356}.Debug|x64.ActiveCfg = Debug|Any CPU
		{263574B1-8E7B-42F7-AFAF-1FE1139B2356}.Debug|x64.Build.0 = Debug|Any CPU
		{263574B1-8E7B-42F7-AFAF-1FE1139B2356}.Debug|x86.ActiveCfg = Debug|Any CPU
		{263574B1-8E7B-42F7-AFAF-1FE1139B2356}.Debug|x86.Build.0 = Debug|Any CPU
		{263574B1-8E7B-42F7-AFAF-1FE1139B2356}.Release|Any CPU.ActiveCfg = Release|Any CPU
		{263574B1-8E7B-42F7-AFAF-1FE1139B2356}.Release|Any CPU.Build.0 = Release|Any CPU
		{263574B1-8E7B-42F7-AFAF-1FE1139B2356}.Release|ARM.ActiveCfg = Release|Any CPU
		{263574B1-8E7B-42F7-AFAF-1FE1139B2356}.Release|ARM.Build.0 = Release|Any CPU
		{263574B1-8E7B-42F7-AFAF-1FE1139B2356}.Release|iPhone.ActiveCfg = Release|Any CPU
		{263574B1-8E7B-42F7-AFAF-1FE1139B2356}.Release|iPhone.Build.0 = Release|Any CPU
		{263574B1-8E7B-42F7-AFAF-1FE1139B2356}.Release|iPhoneSimulator.ActiveCfg = Release|Any CPU
		{263574B1-8E7B-42F7-AFAF-1FE1139B2356}.Release|iPhoneSimulator.Build.0 = Release|Any CPU
		{263574B1-8E7B-42F7-AFAF-1FE1139B2356}.Release|x64.ActiveCfg = Release|Any CPU
		{263574B1-8E7B-42F7-AFAF-1FE1139B2356}.Release|x64.Build.0 = Release|Any CPU
		{263574B1-8E7B-42F7-AFAF-1FE1139B2356}.Release|x86.ActiveCfg = Release|Any CPU
		{263574B1-8E7B-42F7-AFAF-1FE1139B2356}.Release|x86.Build.0 = Release|Any CPU
		{575D03F5-CE09-4581-9BDA-6AE14CA00392}.Debug|Any CPU.ActiveCfg = Debug|Any CPU
		{575D03F5-CE09-4581-9BDA-6AE14CA00392}.Debug|Any CPU.Build.0 = Debug|Any CPU
		{575D03F5-CE09-4581-9BDA-6AE14CA00392}.Debug|ARM.ActiveCfg = Debug|Any CPU
		{575D03F5-CE09-4581-9BDA-6AE14CA00392}.Debug|ARM.Build.0 = Debug|Any CPU
		{575D03F5-CE09-4581-9BDA-6AE14CA00392}.Debug|iPhone.ActiveCfg = Debug|Any CPU
		{575D03F5-CE09-4581-9BDA-6AE14CA00392}.Debug|iPhone.Build.0 = Debug|Any CPU
		{575D03F5-CE09-4581-9BDA-6AE14CA00392}.Debug|iPhoneSimulator.ActiveCfg = Debug|Any CPU
		{575D03F5-CE09-4581-9BDA-6AE14CA00392}.Debug|iPhoneSimulator.Build.0 = Debug|Any CPU
		{575D03F5-CE09-4581-9BDA-6AE14CA00392}.Debug|x64.ActiveCfg = Debug|Any CPU
		{575D03F5-CE09-4581-9BDA-6AE14CA00392}.Debug|x64.Build.0 = Debug|Any CPU
		{575D03F5-CE09-4581-9BDA-6AE14CA00392}.Debug|x86.ActiveCfg = Debug|Any CPU
		{575D03F5-CE09-4581-9BDA-6AE14CA00392}.Debug|x86.Build.0 = Debug|Any CPU
		{575D03F5-CE09-4581-9BDA-6AE14CA00392}.Release|Any CPU.ActiveCfg = Release|Any CPU
		{575D03F5-CE09-4581-9BDA-6AE14CA00392}.Release|Any CPU.Build.0 = Release|Any CPU
		{575D03F5-CE09-4581-9BDA-6AE14CA00392}.Release|ARM.ActiveCfg = Release|Any CPU
		{575D03F5-CE09-4581-9BDA-6AE14CA00392}.Release|ARM.Build.0 = Release|Any CPU
		{575D03F5-CE09-4581-9BDA-6AE14CA00392}.Release|iPhone.ActiveCfg = Release|Any CPU
		{575D03F5-CE09-4581-9BDA-6AE14CA00392}.Release|iPhone.Build.0 = Release|Any CPU
		{575D03F5-CE09-4581-9BDA-6AE14CA00392}.Release|iPhoneSimulator.ActiveCfg = Release|Any CPU
		{575D03F5-CE09-4581-9BDA-6AE14CA00392}.Release|iPhoneSimulator.Build.0 = Release|Any CPU
		{575D03F5-CE09-4581-9BDA-6AE14CA00392}.Release|x64.ActiveCfg = Release|Any CPU
		{575D03F5-CE09-4581-9BDA-6AE14CA00392}.Release|x64.Build.0 = Release|Any CPU
		{575D03F5-CE09-4581-9BDA-6AE14CA00392}.Release|x86.ActiveCfg = Release|Any CPU
		{575D03F5-CE09-4581-9BDA-6AE14CA00392}.Release|x86.Build.0 = Release|Any CPU
		{13820F52-3634-4348-8125-26A988D506D9}.Debug|Any CPU.ActiveCfg = Debug|Any CPU
		{13820F52-3634-4348-8125-26A988D506D9}.Debug|Any CPU.Build.0 = Debug|Any CPU
		{13820F52-3634-4348-8125-26A988D506D9}.Debug|ARM.ActiveCfg = Debug|Any CPU
		{13820F52-3634-4348-8125-26A988D506D9}.Debug|ARM.Build.0 = Debug|Any CPU
		{13820F52-3634-4348-8125-26A988D506D9}.Debug|iPhone.ActiveCfg = Debug|Any CPU
		{13820F52-3634-4348-8125-26A988D506D9}.Debug|iPhone.Build.0 = Debug|Any CPU
		{13820F52-3634-4348-8125-26A988D506D9}.Debug|iPhoneSimulator.ActiveCfg = Debug|Any CPU
		{13820F52-3634-4348-8125-26A988D506D9}.Debug|iPhoneSimulator.Build.0 = Debug|Any CPU
		{13820F52-3634-4348-8125-26A988D506D9}.Debug|x64.ActiveCfg = Debug|Any CPU
		{13820F52-3634-4348-8125-26A988D506D9}.Debug|x64.Build.0 = Debug|Any CPU
		{13820F52-3634-4348-8125-26A988D506D9}.Debug|x86.ActiveCfg = Debug|Any CPU
		{13820F52-3634-4348-8125-26A988D506D9}.Debug|x86.Build.0 = Debug|Any CPU
		{13820F52-3634-4348-8125-26A988D506D9}.Release|Any CPU.ActiveCfg = Release|Any CPU
		{13820F52-3634-4348-8125-26A988D506D9}.Release|Any CPU.Build.0 = Release|Any CPU
		{13820F52-3634-4348-8125-26A988D506D9}.Release|ARM.ActiveCfg = Release|Any CPU
		{13820F52-3634-4348-8125-26A988D506D9}.Release|ARM.Build.0 = Release|Any CPU
		{13820F52-3634-4348-8125-26A988D506D9}.Release|iPhone.ActiveCfg = Release|Any CPU
		{13820F52-3634-4348-8125-26A988D506D9}.Release|iPhone.Build.0 = Release|Any CPU
		{13820F52-3634-4348-8125-26A988D506D9}.Release|iPhoneSimulator.ActiveCfg = Release|Any CPU
		{13820F52-3634-4348-8125-26A988D506D9}.Release|iPhoneSimulator.Build.0 = Release|Any CPU
		{13820F52-3634-4348-8125-26A988D506D9}.Release|x64.ActiveCfg = Release|Any CPU
		{13820F52-3634-4348-8125-26A988D506D9}.Release|x64.Build.0 = Release|Any CPU
		{13820F52-3634-4348-8125-26A988D506D9}.Release|x86.ActiveCfg = Release|Any CPU
		{13820F52-3634-4348-8125-26A988D506D9}.Release|x86.Build.0 = Release|Any CPU
	EndGlobalSection
	GlobalSection(SolutionProperties) = preSolution
		HideSolutionNode = FALSE
	EndGlobalSection
	GlobalSection(ExtensibilityGlobals) = postSolution
		SolutionGuid = {C794CB36-456F-4FBD-B7D5-E091D6C7EBF9}
	EndGlobalSection
EndGlobal
